// !$*UTF8*$!
{
	archiveVersion = 1;
	classes = {
	};
	objectVersion = 46;
	objects = {

/* Begin PBXBuildFile section */
		A921DDEA1A38DC880062D9F4 /* ShelfTableViewController.swift in Sources */ = {isa = PBXBuildFile; fileRef = A921DDE91A38DC880062D9F4 /* ShelfTableViewController.swift */; };
		A921DDEC1A3917070062D9F4 /* BookTableViewController.swift in Sources */ = {isa = PBXBuildFile; fileRef = A921DDEB1A3917070062D9F4 /* BookTableViewController.swift */; };
		A9B69AF71A36998700EF8ACD /* LibraryTableViewController.swift in Sources */ = {isa = PBXBuildFile; fileRef = A9B69AF61A36998700EF8ACD /* LibraryTableViewController.swift */; };
		A9E170A61A3159CA0076BDC4 /* AppDelegate.swift in Sources */ = {isa = PBXBuildFile; fileRef = A9E170A51A3159CA0076BDC4 /* AppDelegate.swift */; };
		A9E170AB1A3159CA0076BDC4 /* Main.storyboard in Resources */ = {isa = PBXBuildFile; fileRef = A9E170A91A3159CA0076BDC4 /* Main.storyboard */; };
		A9E170AD1A3159CA0076BDC4 /* Images.xcassets in Resources */ = {isa = PBXBuildFile; fileRef = A9E170AC1A3159CA0076BDC4 /* Images.xcassets */; };
		A9E170B01A3159CA0076BDC4 /* LaunchScreen.xib in Resources */ = {isa = PBXBuildFile; fileRef = A9E170AE1A3159CA0076BDC4 /* LaunchScreen.xib */; };
		A9E170BC1A3159CA0076BDC4 /* SwiftLibraryTests.swift in Sources */ = {isa = PBXBuildFile; fileRef = A9E170BB1A3159CA0076BDC4 /* SwiftLibraryTests.swift */; };
		A9E170C61A315A760076BDC4 /* Library.swift in Sources */ = {isa = PBXBuildFile; fileRef = A9E170C51A315A760076BDC4 /* Library.swift */; };
		A9E170C81A3164430076BDC4 /* Shelf.swift in Sources */ = {isa = PBXBuildFile; fileRef = A9E170C71A3164430076BDC4 /* Shelf.swift */; };
		A9E170CA1A33F49F0076BDC4 /* Book.swift in Sources */ = {isa = PBXBuildFile; fileRef = A9E170C91A33F49F0076BDC4 /* Book.swift */; };
/* End PBXBuildFile section */

/* Begin PBXContainerItemProxy section */
		A9E170B61A3159CA0076BDC4 /* PBXContainerItemProxy */ = {
			isa = PBXContainerItemProxy;
			containerPortal = A9E170981A3159CA0076BDC4 /* Project object */;
			proxyType = 1;
			remoteGlobalIDString = A9E1709F1A3159CA0076BDC4;
			remoteInfo = SwiftLibrary;
		};
/* End PBXContainerItemProxy section */

/* Begin PBXFileReference section */
		A921DDE91A38DC880062D9F4 /* ShelfTableViewController.swift */ = {isa = PBXFileReference; fileEncoding = 4; lastKnownFileType = sourcecode.swift; path = ShelfTableViewController.swift; sourceTree = "<group>"; };
		A921DDEB1A3917070062D9F4 /* BookTableViewController.swift */ = {isa = PBXFileReference; fileEncoding = 4; lastKnownFileType = sourcecode.swift; path = BookTableViewController.swift; sourceTree = "<group>"; };
		A9B69AF61A36998700EF8ACD /* LibraryTableViewController.swift */ = {isa = PBXFileReference; fileEncoding = 4; lastKnownFileType = sourcecode.swift; path = LibraryTableViewController.swift; sourceTree = "<group>"; };
		A9E170A01A3159CA0076BDC4 /* SwiftLibrary.app */ = {isa = PBXFileReference; explicitFileType = wrapper.application; includeInIndex = 0; path = SwiftLibrary.app; sourceTree = BUILT_PRODUCTS_DIR; };
		A9E170A41A3159CA0076BDC4 /* Info.plist */ = {isa = PBXFileReference; lastKnownFileType = text.plist.xml; path = Info.plist; sourceTree = "<group>"; };
		A9E170A51A3159CA0076BDC4 /* AppDelegate.swift */ = {isa = PBXFileReference; lastKnownFileType = sourcecode.swift; path = AppDelegate.swift; sourceTree = "<group>"; };
		A9E170AA1A3159CA0076BDC4 /* Base */ = {isa = PBXFileReference; lastKnownFileType = file.storyboard; name = Base; path = Base.lproj/Main.storyboard; sourceTree = "<group>"; };
		A9E170AC1A3159CA0076BDC4 /* Images.xcassets */ = {isa = PBXFileReference; lastKnownFileType = folder.assetcatalog; path = Images.xcassets; sourceTree = "<group>"; };
		A9E170AF1A3159CA0076BDC4 /* Base */ = {isa = PBXFileReference; lastKnownFileType = file.xib; name = Base; path = Base.lproj/LaunchScreen.xib; sourceTree = "<group>"; };
		A9E170B51A3159CA0076BDC4 /* SwiftLibraryTests.xctest */ = {isa = PBXFileReference; explicitFileType = wrapper.cfbundle; includeInIndex = 0; path = SwiftLibraryTests.xctest; sourceTree = BUILT_PRODUCTS_DIR; };
		A9E170BA1A3159CA0076BDC4 /* Info.plist */ = {isa = PBXFileReference; lastKnownFileType = text.plist.xml; path = Info.plist; sourceTree = "<group>"; };
		A9E170BB1A3159CA0076BDC4 /* SwiftLibraryTests.swift */ = {isa = PBXFileReference; lastKnownFileType = sourcecode.swift; path = SwiftLibraryTests.swift; sourceTree = "<group>"; };
		A9E170C51A315A760076BDC4 /* Library.swift */ = {isa = PBXFileReference; fileEncoding = 4; lastKnownFileType = sourcecode.swift; path = Library.swift; sourceTree = "<group>"; };
		A9E170C71A3164430076BDC4 /* Shelf.swift */ = {isa = PBXFileReference; fileEncoding = 4; lastKnownFileType = sourcecode.swift; path = Shelf.swift; sourceTree = "<group>"; };
		A9E170C91A33F49F0076BDC4 /* Book.swift */ = {isa = PBXFileReference; fileEncoding = 4; lastKnownFileType = sourcecode.swift; path = Book.swift; sourceTree = "<group>"; };
		A9E170CB1A35716E0076BDC4 /* MyPlayground.playground */ = {isa = PBXFileReference; lastKnownFileType = file.playground; path = MyPlayground.playground; sourceTree = "<group>"; };
/* End PBXFileReference section */

/* Begin PBXFrameworksBuildPhase section */
		A9E1709D1A3159CA0076BDC4 /* Frameworks */ = {
			isa = PBXFrameworksBuildPhase;
			buildActionMask = 2147483647;
			files = (
			);
			runOnlyForDeploymentPostprocessing = 0;
		};
		A9E170B21A3159CA0076BDC4 /* Frameworks */ = {
			isa = PBXFrameworksBuildPhase;
			buildActionMask = 2147483647;
			files = (
			);
			runOnlyForDeploymentPostprocessing = 0;
		};
/* End PBXFrameworksBuildPhase section */

/* Begin PBXGroup section */
		A9E170971A3159CA0076BDC4 = {
			isa = PBXGroup;
			children = (
				A9E170CB1A35716E0076BDC4 /* MyPlayground.playground */,
				A9E170C51A315A760076BDC4 /* Library.swift */,
				A9E170C71A3164430076BDC4 /* Shelf.swift */,
				A9E170C91A33F49F0076BDC4 /* Book.swift */,
				A9E170A21A3159CA0076BDC4 /* SwiftLibrary */,
				A9E170B81A3159CA0076BDC4 /* SwiftLibraryTests */,
				A9E170A11A3159CA0076BDC4 /* Products */,
			);
			sourceTree = "<group>";
		};
		A9E170A11A3159CA0076BDC4 /* Products */ = {
			isa = PBXGroup;
			children = (
				A9E170A01A3159CA0076BDC4 /* SwiftLibrary.app */,
				A9E170B51A3159CA0076BDC4 /* SwiftLibraryTests.xctest */,
			);
			name = Products;
			sourceTree = "<group>";
		};
		A9E170A21A3159CA0076BDC4 /* SwiftLibrary */ = {
			isa = PBXGroup;
			children = (
				A9E170A51A3159CA0076BDC4 /* AppDelegate.swift */,
				A9B69AF61A36998700EF8ACD /* LibraryTableViewController.swift */,
				A921DDE91A38DC880062D9F4 /* ShelfTableViewController.swift */,
				A921DDEB1A3917070062D9F4 /* BookTableViewController.swift */,
				A9E170A91A3159CA0076BDC4 /* Main.storyboard */,
				A9E170AC1A3159CA0076BDC4 /* Images.xcassets */,
				A9E170AE1A3159CA0076BDC4 /* LaunchScreen.xib */,
				A9E170A31A3159CA0076BDC4 /* Supporting Files */,
			);
			path = SwiftLibrary;
			sourceTree = "<group>";
		};
		A9E170A31A3159CA0076BDC4 /* Supporting Files */ = {
			isa = PBXGroup;
			children = (
				A9E170A41A3159CA0076BDC4 /* Info.plist */,
			);
			name = "Supporting Files";
			sourceTree = "<group>";
		};
		A9E170B81A3159CA0076BDC4 /* SwiftLibraryTests */ = {
			isa = PBXGroup;
			children = (
				A9E170BB1A3159CA0076BDC4 /* SwiftLibraryTests.swift */,
				A9E170B91A3159CA0076BDC4 /* Supporting Files */,
			);
			path = SwiftLibraryTests;
			sourceTree = "<group>";
		};
		A9E170B91A3159CA0076BDC4 /* Supporting Files */ = {
			isa = PBXGroup;
			children = (
				A9E170BA1A3159CA0076BDC4 /* Info.plist */,
			);
			name = "Supporting Files";
			sourceTree = "<group>";
		};
/* End PBXGroup section */

/* Begin PBXNativeTarget section */
		A9E1709F1A3159CA0076BDC4 /* SwiftLibrary */ = {
			isa = PBXNativeTarget;
			buildConfigurationList = A9E170BF1A3159CA0076BDC4 /* Build configuration list for PBXNativeTarget "SwiftLibrary" */;
			buildPhases = (
				A9E1709C1A3159CA0076BDC4 /* Sources */,
				A9E1709D1A3159CA0076BDC4 /* Frameworks */,
				A9E1709E1A3159CA0076BDC4 /* Resources */,
			);
			buildRules = (
			);
			dependencies = (
			);
			name = SwiftLibrary;
			productName = SwiftLibrary;
			productReference = A9E170A01A3159CA0076BDC4 /* SwiftLibrary.app */;
			productType = "com.apple.product-type.application";
		};
		A9E170B41A3159CA0076BDC4 /* SwiftLibraryTests */ = {
			isa = PBXNativeTarget;
			buildConfigurationList = A9E170C21A3159CA0076BDC4 /* Build configuration list for PBXNativeTarget "SwiftLibraryTests" */;
			buildPhases = (
				A9E170B11A3159CA0076BDC4 /* Sources */,
				A9E170B21A3159CA0076BDC4 /* Frameworks */,
				A9E170B31A3159CA0076BDC4 /* Resources */,
			);
			buildRules = (
			);
			dependencies = (
				A9E170B71A3159CA0076BDC4 /* PBXTargetDependency */,
			);
			name = SwiftLibraryTests;
			productName = SwiftLibraryTests;
			productReference = A9E170B51A3159CA0076BDC4 /* SwiftLibraryTests.xctest */;
			productType = "com.apple.product-type.bundle.unit-test";
		};
/* End PBXNativeTarget section */

/* Begin PBXProject section */
		A9E170981A3159CA0076BDC4 /* Project object */ = {
			isa = PBXProject;
			attributes = {
				LastUpgradeCheck = 0610;
				ORGANIZATIONNAME = HoodsDream;
				TargetAttributes = {
					A9E1709F1A3159CA0076BDC4 = {
						CreatedOnToolsVersion = 6.1;
					};
					A9E170B41A3159CA0076BDC4 = {
						CreatedOnToolsVersion = 6.1;
						TestTargetID = A9E1709F1A3159CA0076BDC4;
					};
				};
			};
			buildConfigurationList = A9E1709B1A3159CA0076BDC4 /* Build configuration list for PBXProject "SwiftLibrary" */;
			compatibilityVersion = "Xcode 3.2";
			developmentRegion = English;
			hasScannedForEncodings = 0;
			knownRegions = (
				en,
				Base,
			);
			mainGroup = A9E170971A3159CA0076BDC4;
			productRefGroup = A9E170A11A3159CA0076BDC4 /* Products */;
			projectDirPath = "";
			projectRoot = "";
			targets = (
				A9E1709F1A3159CA0076BDC4 /* SwiftLibrary */,
				A9E170B41A3159CA0076BDC4 /* SwiftLibraryTests */,
			);
		};
/* End PBXProject section */

/* Begin PBXResourcesBuildPhase section */
		A9E1709E1A3159CA0076BDC4 /* Resources */ = {
			isa = PBXResourcesBuildPhase;
			buildActionMask = 2147483647;
			files = (
				A9E170AB1A3159CA0076BDC4 /* Main.storyboard in Resources */,
				A9E170B01A3159CA0076BDC4 /* LaunchScreen.xib in Resources */,
				A9E170AD1A3159CA0076BDC4 /* Images.xcassets in Resources */,
			);
			runOnlyForDeploymentPostprocessing = 0;
		};
		A9E170B31A3159CA0076BDC4 /* Resources */ = {
			isa = PBXResourcesBuildPhase;
			buildActionMask = 2147483647;
			files = (
			);
			runOnlyForDeploymentPostprocessing = 0;
		};
/* End PBXResourcesBuildPhase section */

/* Begin PBXSourcesBuildPhase section */
		A9E1709C1A3159CA0076BDC4 /* Sources */ = {
			isa = PBXSourcesBuildPhase;
			buildActionMask = 2147483647;
			files = (
				A9E170C81A3164430076BDC4 /* Shelf.swift in Sources */,
				A9E170A61A3159CA0076BDC4 /* AppDelegate.swift in Sources */,
				A921DDEA1A38DC880062D9F4 /* ShelfTableViewController.swift in Sources */,
				A9E170CA1A33F49F0076BDC4 /* Book.swift in Sources */,
				A9E170C61A315A760076BDC4 /* Library.swift in Sources */,
				A9B69AF71A36998700EF8ACD /* LibraryTableViewController.swift in Sources */,
				A921DDEC1A3917070062D9F4 /* BookTableViewController.swift in Sources */,
			);
			runOnlyForDeploymentPostprocessing = 0;
		};
		A9E170B11A3159CA0076BDC4 /* Sources */ = {
			isa = PBXSourcesBuildPhase;
			buildActionMask = 2147483647;
			files = (
				A9E170BC1A3159CA0076BDC4 /* SwiftLibraryTests.swift in Sources */,
			);
			runOnlyForDeploymentPostprocessing = 0;
		};
/* End PBXSourcesBuildPhase section */

/* Begin PBXTargetDependency section */
		A9E170B71A3159CA0076BDC4 /* PBXTargetDependency */ = {
			isa = PBXTargetDependency;
			target = A9E1709F1A3159CA0076BDC4 /* SwiftLibrary */;
			targetProxy = A9E170B61A3159CA0076BDC4 /* PBXContainerItemProxy */;
		};
/* End PBXTargetDependency section */

/* Begin PBXVariantGroup section */
		A9E170A91A3159CA0076BDC4 /* Main.storyboard */ = {
			isa = PBXVariantGroup;
			children = (
				A9E170AA1A3159CA0076BDC4 /* Base */,
			);
			name = Main.storyboard;
			sourceTree = "<group>";
		};
		A9E170AE1A3159CA0076BDC4 /* LaunchScreen.xib */ = {
			isa = PBXVariantGroup;
			children = (
				A9E170AF1A3159CA0076BDC4 /* Base */,
			);
			name = LaunchScreen.xib;
			sourceTree = "<group>";
		};
/* End PBXVariantGroup section */

/* Begin XCBuildConfiguration section */
		A9E170BD1A3159CA0076BDC4 /* Debug */ = {
			isa = XCBuildConfiguration;
			buildSettings = {
				ALWAYS_SEARCH_USER_PATHS = NO;
				CLANG_CXX_LANGUAGE_STANDARD = "gnu++0x";
				CLANG_CXX_LIBRARY = "libc++";
				CLANG_ENABLE_MODULES = YES;
				CLANG_ENABLE_OBJC_ARC = YES;
				CLANG_WARN_BOOL_CONVERSION = YES;
				CLANG_WARN_CONSTANT_CONVERSION = YES;
				CLANG_WARN_DIRECT_OBJC_ISA_USAGE = YES_ERROR;
				CLANG_WARN_EMPTY_BODY = YES;
				CLANG_WARN_ENUM_CONVERSION = YES;
				CLANG_WARN_INT_CONVERSION = YES;
				CLANG_WARN_OBJC_ROOT_CLASS = YES_ERROR;
				CLANG_WARN_UNREACHABLE_CODE = YES;
				CLANG_WARN__DUPLICATE_METHOD_MATCH = YES;
				"CODE_SIGN_IDENTITY[sdk=iphoneos*]" = "iPhone Developer";
				COPY_PHASE_STRIP = NO;
				ENABLE_STRICT_OBJC_MSGSEND = YES;
				GCC_C_LANGUAGE_STANDARD = gnu99;
				GCC_DYNAMIC_NO_PIC = NO;
				GCC_OPTIMIZATION_LEVEL = 0;
				GCC_PREPROCESSOR_DEFINITIONS = (
					"DEBUG=1",
					"$(inherited)",
				);
				GCC_SYMBOLS_PRIVATE_EXTERN = NO;
				GCC_WARN_64_TO_32_BIT_CONVERSION = YES;
				GCC_WARN_ABOUT_RETURN_TYPE = YES_ERROR;
				GCC_WARN_UNDECLARED_SELECTOR = YES;
				GCC_WARN_UNINITIALIZED_AUTOS = YES_AGGRESSIVE;
				GCC_WARN_UNUSED_FUNCTION = YES;
				GCC_WARN_UNUSED_VARIABLE = YES;
				IPHONEOS_DEPLOYMENT_TARGET = 8.1;
				MTL_ENABLE_DEBUG_INFO = YES;
				ONLY_ACTIVE_ARCH = YES;
				SDKROOT = iphoneos;
				SWIFT_OPTIMIZATION_LEVEL = "-Onone";
			};
			name = Debug;
		};
		A9E170BE1A3159CA0076BDC4 /* Release */ = {
			isa = XCBuildConfiguration;
			buildSettings = {
				ALWAYS_SEARCH_USER_PATHS = NO;
				CLANG_CXX_LANGUAGE_STANDARD = "gnu++0x";
				CLANG_CXX_LIBRARY = "libc++";
				CLANG_ENABLE_MODULES = YES;
				CLANG_ENABLE_OBJC_ARC = YES;
				CLANG_WARN_BOOL_CONVERSION = YES;
				CLANG_WARN_CONSTANT_CONVERSION = YES;
				CLANG_WARN_DIRECT_OBJC_ISA_USAGE = YES_ERROR;
				CLANG_WARN_EMPTY_BODY = YES;
				CLANG_WARN_ENUM_CONVERSION = YES;
				CLANG_WARN_INT_CONVERSION = YES;
				CLANG_WARN_OBJC_ROOT_CLASS = YES_ERROR;
				CLANG_WARN_UNREACHABLE_CODE = YES;
				CLANG_WARN__DUPLICATE_METHOD_MATCH = YES;
				"CODE_SIGN_IDENTITY[sdk=iphoneos*]" = "iPhone Developer";
				COPY_PHASE_STRIP = YES;
				ENABLE_NS_ASSERTIONS = NO;
				ENABLE_STRICT_OBJC_MSGSEND = YES;
				GCC_C_LANGUAGE_STANDARD = gnu99;
				GCC_WARN_64_TO_32_BIT_CONVERSION = YES;
				GCC_WARN_ABOUT_RETURN_TYPE = YES_ERROR;
				GCC_WARN_UNDECLARED_SELECTOR = YES;
				GCC_WARN_UNINITIALIZED_AUTOS = YES_AGGRESSIVE;
				GCC_WARN_UNUSED_FUNCTION = YES;
				GCC_WARN_UNUSED_VARIABLE = YES;
				IPHONEOS_DEPLOYMENT_TARGET = 8.1;
				MTL_ENABLE_DEBUG_INFO = NO;
				SDKROOT = iphoneos;
				VALIDATE_PRODUCT = YES;
			};
			name = Release;
		};
		A9E170C01A3159CA0076BDC4 /* Debug */ = {
			isa = XCBuildConfiguration;
			buildSettings = {
				ASSETCATALOG_COMPILER_APPICON_NAME = AppIcon;
				INFOPLIST_FILE = SwiftLibrary/Info.plist;
				LD_RUNPATH_SEARCH_PATHS = "$(inherited) @executable_path/Frameworks";
				PRODUCT_NAME = "$(TARGET_NAME)";
			};
			name = Debug;
		};
		A9E170C11A3159CA0076BDC4 /* Release */ = {
			isa = XCBuildConfiguration;
			buildSettings = {
				ASSETCATALOG_COMPILER_APPICON_NAME = AppIcon;
				INFOPLIST_FILE = SwiftLibrary/Info.plist;
				LD_RUNPATH_SEARCH_PATHS = "$(inherited) @executable_path/Frameworks";
				PRODUCT_NAME = "$(TARGET_NAME)";
			};
			name = Release;
		};
		A9E170C31A3159CA0076BDC4 /* Debug */ = {
			isa = XCBuildConfiguration;
			buildSettings = {
				BUNDLE_LOADER = "$(TEST_HOST)";
				FRAMEWORK_SEARCH_PATHS = (
					"$(SDKROOT)/Developer/Library/Frameworks",
					"$(inherited)",
				);
				GCC_PREPROCESSOR_DEFINITIONS = (
					"DEBUG=1",
					"$(inherited)",
				);
				INFOPLIST_FILE = SwiftLibraryTests/Info.plist;
				LD_RUNPATH_SEARCH_PATHS = "$(inherited) @executable_path/Frameworks @loader_path/Frameworks";
				PRODUCT_NAME = "$(TARGET_NAME)";
				TEST_HOST = "$(BUILT_PRODUCTS_DIR)/SwiftLibrary.app/SwiftLibrary";
			};
			name = Debug;
		};
		A9E170C41A3159CA0076BDC4 /* Release */ = {
			isa = XCBuildConfiguration;
			buildSettings = {
				BUNDLE_LOADER = "$(TEST_HOST)";
				FRAMEWORK_SEARCH_PATHS = (
					"$(SDKROOT)/Developer/Library/Frameworks",
					"$(inherited)",
				);
				INFOPLIST_FILE = SwiftLibraryTests/Info.plist;
				LD_RUNPATH_SEARCH_PATHS = "$(inherited) @executable_path/Frameworks @loader_path/Frameworks";
				PRODUCT_NAME = "$(TARGET_NAME)";
				TEST_HOST = "$(BUILT_PRODUCTS_DIR)/SwiftLibrary.app/SwiftLibrary";
			};
			name = Release;
		};
/* End XCBuildConfiguration section */

/* Begin XCConfigurationList section */
		A9E1709B1A3159CA0076BDC4 /* Build configuration list for PBXProject "SwiftLibrary" */ = {
			isa = XCConfigurationList;
			buildConfigurations = (
				A9E170BD1A3159CA0076BDC4 /* Debug */,
				A9E170BE1A3159CA0076BDC4 /* Release */,
			);
			defaultConfigurationIsVisible = 0;
			defaultConfigurationName = Release;
		};
		A9E170BF1A3159CA0076BDC4 /* Build configuration list for PBXNativeTarget "SwiftLibrary" */ = {
			isa = XCConfigurationList;
			buildConfigurations = (
				A9E170C01A3159CA0076BDC4 /* Debug */,
				A9E170C11A3159CA0076BDC4 /* Release */,
			);
			defaultConfigurationIsVisible = 0;
			defaultConfigurationName = Release;
		};
		A9E170C21A3159CA0076BDC4 /* Build configuration list for PBXNativeTarget "SwiftLibraryTests" */ = {
			isa = XCConfigurationList;
			buildConfigurations = (
				A9E170C31A3159CA0076BDC4 /* Debug */,
				A9E170C41A3159CA0076BDC4 /* Release */,
			);
			defaultConfigurationIsVisible = 0;
			defaultConfigurationName = Release;
		};
/* End XCConfigurationList section */
	};
	rootObject = A9E170981A3159CA0076BDC4 /* Project object */;
}
