// !$*UTF8*$!
{
	archiveVersion = 1;
	classes = {
	};
	objectVersion = 46;
	objects = {

/* Begin PBXBuildFile section */
		4E74C1D41A59EB7100082037 /* main.m in Sources */ = {isa = PBXBuildFile; fileRef = 4E74C1D31A59EB7100082037 /* main.m */; };
		4E74C1D71A59EB7100082037 /* AppDelegate.m in Sources */ = {isa = PBXBuildFile; fileRef = 4E74C1D61A59EB7100082037 /* AppDelegate.m */; };
		4E74C1DA1A59EB7100082037 /* RootViewController.m in Sources */ = {isa = PBXBuildFile; fileRef = 4E74C1D91A59EB7100082037 /* RootViewController.m */; };
		4E74C1DD1A59EB7100082037 /* DataViewController.m in Sources */ = {isa = PBXBuildFile; fileRef = 4E74C1DC1A59EB7100082037 /* DataViewController.m */; };
		4E74C1E01A59EB7100082037 /* ModelController.m in Sources */ = {isa = PBXBuildFile; fileRef = 4E74C1DF1A59EB7100082037 /* ModelController.m */; };
		4E74C1E31A59EB7100082037 /* Main.storyboard in Resources */ = {isa = PBXBuildFile; fileRef = 4E74C1E11A59EB7100082037 /* Main.storyboard */; };
		4E74C1E51A59EB7100082037 /* Images.xcassets in Resources */ = {isa = PBXBuildFile; fileRef = 4E74C1E41A59EB7100082037 /* Images.xcassets */; };
		4E74C1E81A59EB7100082037 /* LaunchScreen.xib in Resources */ = {isa = PBXBuildFile; fileRef = 4E74C1E61A59EB7100082037 /* LaunchScreen.xib */; };
		4E74C1F41A59EB7200082037 /* PowerAppTests.m in Sources */ = {isa = PBXBuildFile; fileRef = 4E74C1F31A59EB7200082037 /* PowerAppTests.m */; };
/* End PBXBuildFile section */

/* Begin PBXContainerItemProxy section */
		4E74C1EE1A59EB7200082037 /* PBXContainerItemProxy */ = {
			isa = PBXContainerItemProxy;
			containerPortal = 4E74C1C61A59EB7100082037 /* Project object */;
			proxyType = 1;
			remoteGlobalIDString = 4E74C1CD1A59EB7100082037;
			remoteInfo = PowerApp;
		};
/* End PBXContainerItemProxy section */

/* Begin PBXFileReference section */
		4E74C1CE1A59EB7100082037 /* PowerApp.app */ = {isa = PBXFileReference; explicitFileType = wrapper.application; includeInIndex = 0; path = PowerApp.app; sourceTree = BUILT_PRODUCTS_DIR; };
		4E74C1D21A59EB7100082037 /* Info.plist */ = {isa = PBXFileReference; lastKnownFileType = text.plist.xml; path = Info.plist; sourceTree = "<group>"; };
		4E74C1D31A59EB7100082037 /* main.m */ = {isa = PBXFileReference; lastKnownFileType = sourcecode.c.objc; path = main.m; sourceTree = "<group>"; };
		4E74C1D51A59EB7100082037 /* AppDelegate.h */ = {isa = PBXFileReference; lastKnownFileType = sourcecode.c.h; path = AppDelegate.h; sourceTree = "<group>"; };
		4E74C1D61A59EB7100082037 /* AppDelegate.m */ = {isa = PBXFileReference; lastKnownFileType = sourcecode.c.objc; path = AppDelegate.m; sourceTree = "<group>"; };
		4E74C1D81A59EB7100082037 /* RootViewController.h */ = {isa = PBXFileReference; lastKnownFileType = sourcecode.c.h; path = RootViewController.h; sourceTree = "<group>"; };
		4E74C1D91A59EB7100082037 /* RootViewController.m */ = {isa = PBXFileReference; lastKnownFileType = sourcecode.c.objc; path = RootViewController.m; sourceTree = "<group>"; };
		4E74C1DB1A59EB7100082037 /* DataViewController.h */ = {isa = PBXFileReference; lastKnownFileType = sourcecode.c.h; path = DataViewController.h; sourceTree = "<group>"; };
		4E74C1DC1A59EB7100082037 /* DataViewController.m */ = {isa = PBXFileReference; lastKnownFileType = sourcecode.c.objc; path = DataViewController.m; sourceTree = "<group>"; };
		4E74C1DE1A59EB7100082037 /* ModelController.h */ = {isa = PBXFileReference; lastKnownFileType = sourcecode.c.h; path = ModelController.h; sourceTree = "<group>"; };
		4E74C1DF1A59EB7100082037 /* ModelController.m */ = {isa = PBXFileReference; lastKnownFileType = sourcecode.c.objc; path = ModelController.m; sourceTree = "<group>"; };
		4E74C1E21A59EB7100082037 /* Base */ = {isa = PBXFileReference; lastKnownFileType = file.storyboard; name = Base; path = Base.lproj/Main.storyboard; sourceTree = "<group>"; };
		4E74C1E41A59EB7100082037 /* Images.xcassets */ = {isa = PBXFileReference; lastKnownFileType = folder.assetcatalog; path = Images.xcassets; sourceTree = "<group>"; };
		4E74C1E71A59EB7100082037 /* Base */ = {isa = PBXFileReference; lastKnownFileType = file.xib; name = Base; path = Base.lproj/LaunchScreen.xib; sourceTree = "<group>"; };
		4E74C1ED1A59EB7200082037 /* PowerAppTests.xctest */ = {isa = PBXFileReference; explicitFileType = wrapper.cfbundle; includeInIndex = 0; path = PowerAppTests.xctest; sourceTree = BUILT_PRODUCTS_DIR; };
		4E74C1F21A59EB7200082037 /* Info.plist */ = {isa = PBXFileReference; lastKnownFileType = text.plist.xml; path = Info.plist; sourceTree = "<group>"; };
		4E74C1F31A59EB7200082037 /* PowerAppTests.m */ = {isa = PBXFileReference; lastKnownFileType = sourcecode.c.objc; path = PowerAppTests.m; sourceTree = "<group>"; };
/* End PBXFileReference section */

/* Begin PBXFrameworksBuildPhase section */
		4E74C1CB1A59EB7100082037 /* Frameworks */ = {
			isa = PBXFrameworksBuildPhase;
			buildActionMask = 2147483647;
			files = (
			);
			runOnlyForDeploymentPostprocessing = 0;
		};
		4E74C1EA1A59EB7200082037 /* Frameworks */ = {
			isa = PBXFrameworksBuildPhase;
			buildActionMask = 2147483647;
			files = (
			);
			runOnlyForDeploymentPostprocessing = 0;
		};
/* End PBXFrameworksBuildPhase section */

/* Begin PBXGroup section */
		4E74C1C51A59EB7100082037 = {
			isa = PBXGroup;
			children = (
				4E74C1D01A59EB7100082037 /* PowerApp */,
				4E74C1F01A59EB7200082037 /* PowerAppTests */,
				4E74C1CF1A59EB7100082037 /* Products */,
			);
			sourceTree = "<group>";
		};
		4E74C1CF1A59EB7100082037 /* Products */ = {
			isa = PBXGroup;
			children = (
				4E74C1CE1A59EB7100082037 /* PowerApp.app */,
				4E74C1ED1A59EB7200082037 /* PowerAppTests.xctest */,
			);
			name = Products;
			sourceTree = "<group>";
		};
		4E74C1D01A59EB7100082037 /* PowerApp */ = {
			isa = PBXGroup;
			children = (
				4E74C1D51A59EB7100082037 /* AppDelegate.h */,
				4E74C1D61A59EB7100082037 /* AppDelegate.m */,
				4E74C1D81A59EB7100082037 /* RootViewController.h */,
				4E74C1D91A59EB7100082037 /* RootViewController.m */,
				4E74C1DB1A59EB7100082037 /* DataViewController.h */,
				4E74C1DC1A59EB7100082037 /* DataViewController.m */,
				4E74C1DE1A59EB7100082037 /* ModelController.h */,
				4E74C1DF1A59EB7100082037 /* ModelController.m */,
				4E74C1E11A59EB7100082037 /* Main.storyboard */,
				4E74C1E41A59EB7100082037 /* Images.xcassets */,
				4E74C1E61A59EB7100082037 /* LaunchScreen.xib */,
				4E74C1D11A59EB7100082037 /* Supporting Files */,
			);
			path = PowerApp;
			sourceTree = "<group>";
		};
		4E74C1D11A59EB7100082037 /* Supporting Files */ = {
			isa = PBXGroup;
			children = (
				4E74C1D21A59EB7100082037 /* Info.plist */,
				4E74C1D31A59EB7100082037 /* main.m */,
			);
			name = "Supporting Files";
			sourceTree = "<group>";
		};
		4E74C1F01A59EB7200082037 /* PowerAppTests */ = {
			isa = PBXGroup;
			children = (
				4E74C1F31A59EB7200082037 /* PowerAppTests.m */,
				4E74C1F11A59EB7200082037 /* Supporting Files */,
			);
			path = PowerAppTests;
			sourceTree = "<group>";
		};
		4E74C1F11A59EB7200082037 /* Supporting Files */ = {
			isa = PBXGroup;
			children = (
				4E74C1F21A59EB7200082037 /* Info.plist */,
			);
			name = "Supporting Files";
			sourceTree = "<group>";
		};
/* End PBXGroup section */

/* Begin PBXNativeTarget section */
		4E74C1CD1A59EB7100082037 /* PowerApp */ = {
			isa = PBXNativeTarget;
			buildConfigurationList = 4E74C1F71A59EB7200082037 /* Build configuration list for PBXNativeTarget "PowerApp" */;
			buildPhases = (
				4E74C1CA1A59EB7100082037 /* Sources */,
				4E74C1CB1A59EB7100082037 /* Frameworks */,
				4E74C1CC1A59EB7100082037 /* Resources */,
			);
			buildRules = (
			);
			dependencies = (
			);
			name = PowerApp;
			productName = PowerApp;
			productReference = 4E74C1CE1A59EB7100082037 /* PowerApp.app */;
			productType = "com.apple.product-type.application";
		};
		4E74C1EC1A59EB7200082037 /* PowerAppTests */ = {
			isa = PBXNativeTarget;
			buildConfigurationList = 4E74C1FA1A59EB7200082037 /* Build configuration list for PBXNativeTarget "PowerAppTests" */;
			buildPhases = (
				4E74C1E91A59EB7200082037 /* Sources */,
				4E74C1EA1A59EB7200082037 /* Frameworks */,
				4E74C1EB1A59EB7200082037 /* Resources */,
			);
			buildRules = (
			);
			dependencies = (
				4E74C1EF1A59EB7200082037 /* PBXTargetDependency */,
			);
			name = PowerAppTests;
			productName = PowerAppTests;
			productReference = 4E74C1ED1A59EB7200082037 /* PowerAppTests.xctest */;
			productType = "com.apple.product-type.bundle.unit-test";
		};
/* End PBXNativeTarget section */

/* Begin PBXProject section */
		4E74C1C61A59EB7100082037 /* Project object */ = {
			isa = PBXProject;
			attributes = {
				LastUpgradeCheck = 0610;
				ORGANIZATIONNAME = "Daniel Fuentes";
				TargetAttributes = {
					4E74C1CD1A59EB7100082037 = {
						CreatedOnToolsVersion = 6.1.1;
					};
					4E74C1EC1A59EB7200082037 = {
						CreatedOnToolsVersion = 6.1.1;
						TestTargetID = 4E74C1CD1A59EB7100082037;
					};
				};
			};
			buildConfigurationList = 4E74C1C91A59EB7100082037 /* Build configuration list for PBXProject "PowerApp" */;
			compatibilityVersion = "Xcode 3.2";
			developmentRegion = English;
			hasScannedForEncodings = 0;
			knownRegions = (
				en,
				Base,
			);
			mainGroup = 4E74C1C51A59EB7100082037;
			productRefGroup = 4E74C1CF1A59EB7100082037 /* Products */;
			projectDirPath = "";
			projectRoot = "";
			targets = (
				4E74C1CD1A59EB7100082037 /* PowerApp */,
				4E74C1EC1A59EB7200082037 /* PowerAppTests */,
			);
		};
/* End PBXProject section */

/* Begin PBXResourcesBuildPhase section */
		4E74C1CC1A59EB7100082037 /* Resources */ = {
			isa = PBXResourcesBuildPhase;
			buildActionMask = 2147483647;
			files = (
				4E74C1E31A59EB7100082037 /* Main.storyboard in Resources */,
				4E74C1E81A59EB7100082037 /* LaunchScreen.xib in Resources */,
				4E74C1E51A59EB7100082037 /* Images.xcassets in Resources */,
			);
			runOnlyForDeploymentPostprocessing = 0;
		};
		4E74C1EB1A59EB7200082037 /* Resources */ = {
			isa = PBXResourcesBuildPhase;
			buildActionMask = 2147483647;
			files = (
			);
			runOnlyForDeploymentPostprocessing = 0;
		};
/* End PBXResourcesBuildPhase section */

/* Begin PBXSourcesBuildPhase section */
		4E74C1CA1A59EB7100082037 /* Sources */ = {
			isa = PBXSourcesBuildPhase;
			buildActionMask = 2147483647;
			files = (
				4E74C1DD1A59EB7100082037 /* DataViewController.m in Sources */,
				4E74C1D71A59EB7100082037 /* AppDelegate.m in Sources */,
				4E74C1E01A59EB7100082037 /* ModelController.m in Sources */,
				4E74C1D41A59EB7100082037 /* main.m in Sources */,
				4E74C1DA1A59EB7100082037 /* RootViewController.m in Sources */,
			);
			runOnlyForDeploymentPostprocessing = 0;
		};
		4E74C1E91A59EB7200082037 /* Sources */ = {
			isa = PBXSourcesBuildPhase;
			buildActionMask = 2147483647;
			files = (
				4E74C1F41A59EB7200082037 /* PowerAppTests.m in Sources */,
			);
			runOnlyForDeploymentPostprocessing = 0;
		};
/* End PBXSourcesBuildPhase section */

/* Begin PBXTargetDependency section */
		4E74C1EF1A59EB7200082037 /* PBXTargetDependency */ = {
			isa = PBXTargetDependency;
			target = 4E74C1CD1A59EB7100082037 /* PowerApp */;
			targetProxy = 4E74C1EE1A59EB7200082037 /* PBXContainerItemProxy */;
		};
/* End PBXTargetDependency section */

/* Begin PBXVariantGroup section */
		4E74C1E11A59EB7100082037 /* Main.storyboard */ = {
			isa = PBXVariantGroup;
			children = (
				4E74C1E21A59EB7100082037 /* Base */,
			);
			name = Main.storyboard;
			sourceTree = "<group>";
		};
		4E74C1E61A59EB7100082037 /* LaunchScreen.xib */ = {
			isa = PBXVariantGroup;
			children = (
				4E74C1E71A59EB7100082037 /* Base */,
			);
			name = LaunchScreen.xib;
			sourceTree = "<group>";
		};
/* End PBXVariantGroup section */

/* Begin XCBuildConfiguration section */
		4E74C1F51A59EB7200082037 /* Debug */ = {
			isa = XCBuildConfiguration;
			buildSettings = {
				ALWAYS_SEARCH_USER_PATHS = NO;
				CLANG_CXX_LANGUAGE_STANDARD = "gnu++0x";
				CLANG_CXX_LIBRARY = "libc++";
				CLANG_ENABLE_MODULES = YES;
				CLANG_ENABLE_OBJC_ARC = YES;
				CLANG_WARN_BOOL_CONVERSION = YES;
				CLANG_WARN_CONSTANT_CONVERSION = YES;
				CLANG_WARN_DIRECT_OBJC_ISA_USAGE = YES_ERROR;
				CLANG_WARN_EMPTY_BODY = YES;
				CLANG_WARN_ENUM_CONVERSION = YES;
				CLANG_WARN_INT_CONVERSION = YES;
				CLANG_WARN_OBJC_ROOT_CLASS = YES_ERROR;
				CLANG_WARN_UNREACHABLE_CODE = YES;
				CLANG_WARN__DUPLICATE_METHOD_MATCH = YES;
				"CODE_SIGN_IDENTITY[sdk=iphoneos*]" = "iPhone Developer";
				COPY_PHASE_STRIP = NO;
				ENABLE_STRICT_OBJC_MSGSEND = YES;
				GCC_C_LANGUAGE_STANDARD = gnu99;
				GCC_DYNAMIC_NO_PIC = NO;
				GCC_OPTIMIZATION_LEVEL = 0;
				GCC_PREPROCESSOR_DEFINITIONS = (
					"DEBUG=1",
					"$(inherited)",
				);
				GCC_SYMBOLS_PRIVATE_EXTERN = NO;
				GCC_WARN_64_TO_32_BIT_CONVERSION = YES;
				GCC_WARN_ABOUT_RETURN_TYPE = YES_ERROR;
				GCC_WARN_UNDECLARED_SELECTOR = YES;
				GCC_WARN_UNINITIALIZED_AUTOS = YES_AGGRESSIVE;
				GCC_WARN_UNUSED_FUNCTION = YES;
				GCC_WARN_UNUSED_VARIABLE = YES;
				IPHONEOS_DEPLOYMENT_TARGET = 8.1;
				MTL_ENABLE_DEBUG_INFO = YES;
				ONLY_ACTIVE_ARCH = YES;
				SDKROOT = iphoneos;
			};
			name = Debug;
		};
		4E74C1F61A59EB7200082037 /* Release */ = {
			isa = XCBuildConfiguration;
			buildSettings = {
				ALWAYS_SEARCH_USER_PATHS = NO;
				CLANG_CXX_LANGUAGE_STANDARD = "gnu++0x";
				CLANG_CXX_LIBRARY = "libc++";
				CLANG_ENABLE_MODULES = YES;
				CLANG_ENABLE_OBJC_ARC = YES;
				CLANG_WARN_BOOL_CONVERSION = YES;
				CLANG_WARN_CONSTANT_CONVERSION = YES;
				CLANG_WARN_DIRECT_OBJC_ISA_USAGE = YES_ERROR;
				CLANG_WARN_EMPTY_BODY = YES;
				CLANG_WARN_ENUM_CONVERSION = YES;
				CLANG_WARN_INT_CONVERSION = YES;
				CLANG_WARN_OBJC_ROOT_CLASS = YES_ERROR;
				CLANG_WARN_UNREACHABLE_CODE = YES;
				CLANG_WARN__DUPLICATE_METHOD_MATCH = YES;
				"CODE_SIGN_IDENTITY[sdk=iphoneos*]" = "iPhone Developer";
				COPY_PHASE_STRIP = YES;
				ENABLE_NS_ASSERTIONS = NO;
				ENABLE_STRICT_OBJC_MSGSEND = YES;
				GCC_C_LANGUAGE_STANDARD = gnu99;
				GCC_WARN_64_TO_32_BIT_CONVERSION = YES;
				GCC_WARN_ABOUT_RETURN_TYPE = YES_ERROR;
				GCC_WARN_UNDECLARED_SELECTOR = YES;
				GCC_WARN_UNINITIALIZED_AUTOS = YES_AGGRESSIVE;
				GCC_WARN_UNUSED_FUNCTION = YES;
				GCC_WARN_UNUSED_VARIABLE = YES;
				IPHONEOS_DEPLOYMENT_TARGET = 8.1;
				MTL_ENABLE_DEBUG_INFO = NO;
				SDKROOT = iphoneos;
				VALIDATE_PRODUCT = YES;
			};
			name = Release;
		};
		4E74C1F81A59EB7200082037 /* Debug */ = {
			isa = XCBuildConfiguration;
			buildSettings = {
				ASSETCATALOG_COMPILER_APPICON_NAME = AppIcon;
				INFOPLIST_FILE = PowerApp/Info.plist;
				LD_RUNPATH_SEARCH_PATHS = "$(inherited) @executable_path/Frameworks";
				PRODUCT_NAME = "$(TARGET_NAME)";
			};
			name = Debug;
		};
		4E74C1F91A59EB7200082037 /* Release */ = {
			isa = XCBuildConfiguration;
			buildSettings = {
				ASSETCATALOG_COMPILER_APPICON_NAME = AppIcon;
				INFOPLIST_FILE = PowerApp/Info.plist;
				LD_RUNPATH_SEARCH_PATHS = "$(inherited) @executable_path/Frameworks";
				PRODUCT_NAME = "$(TARGET_NAME)";
			};
			name = Release;
		};
		4E74C1FB1A59EB7200082037 /* Debug */ = {
			isa = XCBuildConfiguration;
			buildSettings = {
				BUNDLE_LOADER = "$(TEST_HOST)";
				FRAMEWORK_SEARCH_PATHS = (
					"$(SDKROOT)/Developer/Library/Frameworks",
					"$(inherited)",
				);
				GCC_PREPROCESSOR_DEFINITIONS = (
					"DEBUG=1",
					"$(inherited)",
				);
				INFOPLIST_FILE = PowerAppTests/Info.plist;
				LD_RUNPATH_SEARCH_PATHS = "$(inherited) @executable_path/Frameworks @loader_path/Frameworks";
				PRODUCT_NAME = "$(TARGET_NAME)";
				TEST_HOST = "$(BUILT_PRODUCTS_DIR)/PowerApp.app/PowerApp";
			};
			name = Debug;
		};
		4E74C1FC1A59EB7200082037 /* Release */ = {
			isa = XCBuildConfiguration;
			buildSettings = {
				BUNDLE_LOADER = "$(TEST_HOST)";
				FRAMEWORK_SEARCH_PATHS = (
					"$(SDKROOT)/Developer/Library/Frameworks",
					"$(inherited)",
				);
				INFOPLIST_FILE = PowerAppTests/Info.plist;
				LD_RUNPATH_SEARCH_PATHS = "$(inherited) @executable_path/Frameworks @loader_path/Frameworks";
				PRODUCT_NAME = "$(TARGET_NAME)";
				TEST_HOST = "$(BUILT_PRODUCTS_DIR)/PowerApp.app/PowerApp";
			};
			name = Release;
		};
/* End XCBuildConfiguration section */

/* Begin XCConfigurationList section */
		4E74C1C91A59EB7100082037 /* Build configuration list for PBXProject "PowerApp" */ = {
			isa = XCConfigurationList;
			buildConfigurations = (
				4E74C1F51A59EB7200082037 /* Debug */,
				4E74C1F61A59EB7200082037 /* Release */,
			);
			defaultConfigurationIsVisible = 0;
			defaultConfigurationName = Release;
		};
		4E74C1F71A59EB7200082037 /* Build configuration list for PBXNativeTarget "PowerApp" */ = {
			isa = XCConfigurationList;
			buildConfigurations = (
				4E74C1F81A59EB7200082037 /* Debug */,
				4E74C1F91A59EB7200082037 /* Release */,
			);
			defaultConfigurationIsVisible = 0;
		};
		4E74C1FA1A59EB7200082037 /* Build configuration list for PBXNativeTarget "PowerAppTests" */ = {
			isa = XCConfigurationList;
			buildConfigurations = (
				4E74C1FB1A59EB7200082037 /* Debug */,
				4E74C1FC1A59EB7200082037 /* Release */,
			);
			defaultConfigurationIsVisible = 0;
		};
/* End XCConfigurationList section */
	};
	rootObject = 4E74C1C61A59EB7100082037 /* Project object */;
}
