// !$*UTF8*$!
{
	archiveVersion = 1;
	classes = {
	};
	objectVersion = 46;
	objects = {

/* Begin PBXBuildFile section */
		4E74C20C1A59EB8F00082037 /* AppDelegate.swift in Sources */ = {isa = PBXBuildFile; fileRef = 4E74C20B1A59EB8F00082037 /* AppDelegate.swift */; };
		4E74C20E1A59EB8F00082037 /* ViewController.swift in Sources */ = {isa = PBXBuildFile; fileRef = 4E74C20D1A59EB8F00082037 /* ViewController.swift */; };
		4E74C2111A59EB8F00082037 /* Main.storyboard in Resources */ = {isa = PBXBuildFile; fileRef = 4E74C20F1A59EB8F00082037 /* Main.storyboard */; };
		4E74C2131A59EB8F00082037 /* Images.xcassets in Resources */ = {isa = PBXBuildFile; fileRef = 4E74C2121A59EB8F00082037 /* Images.xcassets */; };
		4E74C2161A59EB8F00082037 /* LaunchScreen.xib in Resources */ = {isa = PBXBuildFile; fileRef = 4E74C2141A59EB8F00082037 /* LaunchScreen.xib */; };
		4E74C2221A59EB8F00082037 /* HolaMundoTests.swift in Sources */ = {isa = PBXBuildFile; fileRef = 4E74C2211A59EB8F00082037 /* HolaMundoTests.swift */; };
/* End PBXBuildFile section */

/* Begin PBXContainerItemProxy section */
		4E74C21C1A59EB8F00082037 /* PBXContainerItemProxy */ = {
			isa = PBXContainerItemProxy;
			containerPortal = 4E74C1FE1A59EB8F00082037 /* Project object */;
			proxyType = 1;
			remoteGlobalIDString = 4E74C2051A59EB8F00082037;
			remoteInfo = HolaMundo;
		};
/* End PBXContainerItemProxy section */

/* Begin PBXFileReference section */
		4E74C2061A59EB8F00082037 /* HolaMundo.app */ = {isa = PBXFileReference; explicitFileType = wrapper.application; includeInIndex = 0; path = HolaMundo.app; sourceTree = BUILT_PRODUCTS_DIR; };
		4E74C20A1A59EB8F00082037 /* Info.plist */ = {isa = PBXFileReference; lastKnownFileType = text.plist.xml; path = Info.plist; sourceTree = "<group>"; };
		4E74C20B1A59EB8F00082037 /* AppDelegate.swift */ = {isa = PBXFileReference; lastKnownFileType = sourcecode.swift; path = AppDelegate.swift; sourceTree = "<group>"; };
		4E74C20D1A59EB8F00082037 /* ViewController.swift */ = {isa = PBXFileReference; lastKnownFileType = sourcecode.swift; path = ViewController.swift; sourceTree = "<group>"; };
		4E74C2101A59EB8F00082037 /* Base */ = {isa = PBXFileReference; lastKnownFileType = file.storyboard; name = Base; path = Base.lproj/Main.storyboard; sourceTree = "<group>"; };
		4E74C2121A59EB8F00082037 /* Images.xcassets */ = {isa = PBXFileReference; lastKnownFileType = folder.assetcatalog; path = Images.xcassets; sourceTree = "<group>"; };
		4E74C2151A59EB8F00082037 /* Base */ = {isa = PBXFileReference; lastKnownFileType = file.xib; name = Base; path = Base.lproj/LaunchScreen.xib; sourceTree = "<group>"; };
		4E74C21B1A59EB8F00082037 /* HolaMundoTests.xctest */ = {isa = PBXFileReference; explicitFileType = wrapper.cfbundle; includeInIndex = 0; path = HolaMundoTests.xctest; sourceTree = BUILT_PRODUCTS_DIR; };
		4E74C2201A59EB8F00082037 /* Info.plist */ = {isa = PBXFileReference; lastKnownFileType = text.plist.xml; path = Info.plist; sourceTree = "<group>"; };
		4E74C2211A59EB8F00082037 /* HolaMundoTests.swift */ = {isa = PBXFileReference; lastKnownFileType = sourcecode.swift; path = HolaMundoTests.swift; sourceTree = "<group>"; };
/* End PBXFileReference section */

/* Begin PBXFrameworksBuildPhase section */
		4E74C2031A59EB8F00082037 /* Frameworks */ = {
			isa = PBXFrameworksBuildPhase;
			buildActionMask = 2147483647;
			files = (
			);
			runOnlyForDeploymentPostprocessing = 0;
		};
		4E74C2181A59EB8F00082037 /* Frameworks */ = {
			isa = PBXFrameworksBuildPhase;
			buildActionMask = 2147483647;
			files = (
			);
			runOnlyForDeploymentPostprocessing = 0;
		};
/* End PBXFrameworksBuildPhase section */

/* Begin PBXGroup section */
		4E74C1FD1A59EB8F00082037 = {
			isa = PBXGroup;
			children = (
				4E74C2081A59EB8F00082037 /* HolaMundo */,
				4E74C21E1A59EB8F00082037 /* HolaMundoTests */,
				4E74C2071A59EB8F00082037 /* Products */,
			);
			sourceTree = "<group>";
		};
		4E74C2071A59EB8F00082037 /* Products */ = {
			isa = PBXGroup;
			children = (
				4E74C2061A59EB8F00082037 /* HolaMundo.app */,
				4E74C21B1A59EB8F00082037 /* HolaMundoTests.xctest */,
			);
			name = Products;
			sourceTree = "<group>";
		};
		4E74C2081A59EB8F00082037 /* HolaMundo */ = {
			isa = PBXGroup;
			children = (
				4E74C20B1A59EB8F00082037 /* AppDelegate.swift */,
				4E74C20D1A59EB8F00082037 /* ViewController.swift */,
				4E74C20F1A59EB8F00082037 /* Main.storyboard */,
				4E74C2121A59EB8F00082037 /* Images.xcassets */,
				4E74C2141A59EB8F00082037 /* LaunchScreen.xib */,
				4E74C2091A59EB8F00082037 /* Supporting Files */,
			);
			path = HolaMundo;
			sourceTree = "<group>";
		};
		4E74C2091A59EB8F00082037 /* Supporting Files */ = {
			isa = PBXGroup;
			children = (
				4E74C20A1A59EB8F00082037 /* Info.plist */,
			);
			name = "Supporting Files";
			sourceTree = "<group>";
		};
		4E74C21E1A59EB8F00082037 /* HolaMundoTests */ = {
			isa = PBXGroup;
			children = (
				4E74C2211A59EB8F00082037 /* HolaMundoTests.swift */,
				4E74C21F1A59EB8F00082037 /* Supporting Files */,
			);
			path = HolaMundoTests;
			sourceTree = "<group>";
		};
		4E74C21F1A59EB8F00082037 /* Supporting Files */ = {
			isa = PBXGroup;
			children = (
				4E74C2201A59EB8F00082037 /* Info.plist */,
			);
			name = "Supporting Files";
			sourceTree = "<group>";
		};
/* End PBXGroup section */

/* Begin PBXNativeTarget section */
		4E74C2051A59EB8F00082037 /* HolaMundo */ = {
			isa = PBXNativeTarget;
			buildConfigurationList = 4E74C2251A59EB9000082037 /* Build configuration list for PBXNativeTarget "HolaMundo" */;
			buildPhases = (
				4E74C2021A59EB8F00082037 /* Sources */,
				4E74C2031A59EB8F00082037 /* Frameworks */,
				4E74C2041A59EB8F00082037 /* Resources */,
				4EDCDA571A753F940036B4BF /* ShellScript */,
			);
			buildRules = (
			);
			dependencies = (
			);
			name = HolaMundo;
			productName = HolaMundo;
			productReference = 4E74C2061A59EB8F00082037 /* HolaMundo.app */;
			productType = "com.apple.product-type.application";
		};
		4E74C21A1A59EB8F00082037 /* HolaMundoTests */ = {
			isa = PBXNativeTarget;
			buildConfigurationList = 4E74C2281A59EB9000082037 /* Build configuration list for PBXNativeTarget "HolaMundoTests" */;
			buildPhases = (
				4E74C2171A59EB8F00082037 /* Sources */,
				4E74C2181A59EB8F00082037 /* Frameworks */,
				4E74C2191A59EB8F00082037 /* Resources */,
			);
			buildRules = (
			);
			dependencies = (
				4E74C21D1A59EB8F00082037 /* PBXTargetDependency */,
			);
			name = HolaMundoTests;
			productName = HolaMundoTests;
			productReference = 4E74C21B1A59EB8F00082037 /* HolaMundoTests.xctest */;
			productType = "com.apple.product-type.bundle.unit-test";
		};
/* End PBXNativeTarget section */

/* Begin PBXProject section */
		4E74C1FE1A59EB8F00082037 /* Project object */ = {
			isa = PBXProject;
			attributes = {
				LastUpgradeCheck = 0610;
				ORGANIZATIONNAME = "Daniel Fuentes";
				TargetAttributes = {
					4E74C2051A59EB8F00082037 = {
						CreatedOnToolsVersion = 6.1.1;
					};
					4E74C21A1A59EB8F00082037 = {
						CreatedOnToolsVersion = 6.1.1;
						TestTargetID = 4E74C2051A59EB8F00082037;
					};
				};
			};
			buildConfigurationList = 4E74C2011A59EB8F00082037 /* Build configuration list for PBXProject "HolaMundo" */;
			compatibilityVersion = "Xcode 3.2";
			developmentRegion = English;
			hasScannedForEncodings = 0;
			knownRegions = (
				en,
				Base,
			);
			mainGroup = 4E74C1FD1A59EB8F00082037;
			productRefGroup = 4E74C2071A59EB8F00082037 /* Products */;
			projectDirPath = "";
			projectRoot = "";
			targets = (
				4E74C2051A59EB8F00082037 /* HolaMundo */,
				4E74C21A1A59EB8F00082037 /* HolaMundoTests */,
			);
		};
/* End PBXProject section */

/* Begin PBXResourcesBuildPhase section */
		4E74C2041A59EB8F00082037 /* Resources */ = {
			isa = PBXResourcesBuildPhase;
			buildActionMask = 2147483647;
			files = (
				4E74C2111A59EB8F00082037 /* Main.storyboard in Resources */,
				4E74C2161A59EB8F00082037 /* LaunchScreen.xib in Resources */,
				4E74C2131A59EB8F00082037 /* Images.xcassets in Resources */,
			);
			runOnlyForDeploymentPostprocessing = 0;
		};
		4E74C2191A59EB8F00082037 /* Resources */ = {
			isa = PBXResourcesBuildPhase;
			buildActionMask = 2147483647;
			files = (
			);
			runOnlyForDeploymentPostprocessing = 0;
		};
/* End PBXResourcesBuildPhase section */

/* Begin PBXShellScriptBuildPhase section */
		4EDCDA571A753F940036B4BF /* ShellScript */ = {
			isa = PBXShellScriptBuildPhase;
			buildActionMask = 2147483647;
			files = (
			);
			inputPaths = (
			);
			outputPaths = (
			);
			runOnlyForDeploymentPostprocessing = 0;
			shellPath = /bin/sh;
			shellScript = "./Fabric.framework/run 6964c4e6ce850a80642d8167fa4ea7c4526f4eaf 893b0d3ce4eab1d84ba2bdf24e28767bd3ac5713f4db2e7913bf11ce9de9839d";
		};
/* End PBXShellScriptBuildPhase section */

/* Begin PBXSourcesBuildPhase section */
		4E74C2021A59EB8F00082037 /* Sources */ = {
			isa = PBXSourcesBuildPhase;
			buildActionMask = 2147483647;
			files = (
				4E74C20E1A59EB8F00082037 /* ViewController.swift in Sources */,
				4E74C20C1A59EB8F00082037 /* AppDelegate.swift in Sources */,
			);
			runOnlyForDeploymentPostprocessing = 0;
		};
		4E74C2171A59EB8F00082037 /* Sources */ = {
			isa = PBXSourcesBuildPhase;
			buildActionMask = 2147483647;
			files = (
				4E74C2221A59EB8F00082037 /* HolaMundoTests.swift in Sources */,
			);
			runOnlyForDeploymentPostprocessing = 0;
		};
/* End PBXSourcesBuildPhase section */

/* Begin PBXTargetDependency section */
		4E74C21D1A59EB8F00082037 /* PBXTargetDependency */ = {
			isa = PBXTargetDependency;
			target = 4E74C2051A59EB8F00082037 /* HolaMundo */;
			targetProxy = 4E74C21C1A59EB8F00082037 /* PBXContainerItemProxy */;
		};
/* End PBXTargetDependency section */

/* Begin PBXVariantGroup section */
		4E74C20F1A59EB8F00082037 /* Main.storyboard */ = {
			isa = PBXVariantGroup;
			children = (
				4E74C2101A59EB8F00082037 /* Base */,
			);
			name = Main.storyboard;
			sourceTree = "<group>";
		};
		4E74C2141A59EB8F00082037 /* LaunchScreen.xib */ = {
			isa = PBXVariantGroup;
			children = (
				4E74C2151A59EB8F00082037 /* Base */,
			);
			name = LaunchScreen.xib;
			sourceTree = "<group>";
		};
/* End PBXVariantGroup section */

/* Begin XCBuildConfiguration section */
		4E74C2231A59EB8F00082037 /* Debug */ = {
			isa = XCBuildConfiguration;
			buildSettings = {
				ALWAYS_SEARCH_USER_PATHS = NO;
				CLANG_CXX_LANGUAGE_STANDARD = "gnu++0x";
				CLANG_CXX_LIBRARY = "libc++";
				CLANG_ENABLE_MODULES = YES;
				CLANG_ENABLE_OBJC_ARC = YES;
				CLANG_WARN_BOOL_CONVERSION = YES;
				CLANG_WARN_CONSTANT_CONVERSION = YES;
				CLANG_WARN_DIRECT_OBJC_ISA_USAGE = YES_ERROR;
				CLANG_WARN_EMPTY_BODY = YES;
				CLANG_WARN_ENUM_CONVERSION = YES;
				CLANG_WARN_INT_CONVERSION = YES;
				CLANG_WARN_OBJC_ROOT_CLASS = YES_ERROR;
				CLANG_WARN_UNREACHABLE_CODE = YES;
				CLANG_WARN__DUPLICATE_METHOD_MATCH = YES;
				"CODE_SIGN_IDENTITY[sdk=iphoneos*]" = "iPhone Developer";
				COPY_PHASE_STRIP = NO;
				ENABLE_STRICT_OBJC_MSGSEND = YES;
				GCC_C_LANGUAGE_STANDARD = gnu99;
				GCC_DYNAMIC_NO_PIC = NO;
				GCC_OPTIMIZATION_LEVEL = 0;
				GCC_PREPROCESSOR_DEFINITIONS = (
					"DEBUG=1",
					"$(inherited)",
				);
				GCC_SYMBOLS_PRIVATE_EXTERN = NO;
				GCC_WARN_64_TO_32_BIT_CONVERSION = YES;
				GCC_WARN_ABOUT_RETURN_TYPE = YES_ERROR;
				GCC_WARN_UNDECLARED_SELECTOR = YES;
				GCC_WARN_UNINITIALIZED_AUTOS = YES_AGGRESSIVE;
				GCC_WARN_UNUSED_FUNCTION = YES;
				GCC_WARN_UNUSED_VARIABLE = YES;
				IPHONEOS_DEPLOYMENT_TARGET = 8.1;
				MTL_ENABLE_DEBUG_INFO = YES;
				ONLY_ACTIVE_ARCH = YES;
				SDKROOT = iphoneos;
				SWIFT_OPTIMIZATION_LEVEL = "-Onone";
			};
			name = Debug;
		};
		4E74C2241A59EB8F00082037 /* Release */ = {
			isa = XCBuildConfiguration;
			buildSettings = {
				ALWAYS_SEARCH_USER_PATHS = NO;
				CLANG_CXX_LANGUAGE_STANDARD = "gnu++0x";
				CLANG_CXX_LIBRARY = "libc++";
				CLANG_ENABLE_MODULES = YES;
				CLANG_ENABLE_OBJC_ARC = YES;
				CLANG_WARN_BOOL_CONVERSION = YES;
				CLANG_WARN_CONSTANT_CONVERSION = YES;
				CLANG_WARN_DIRECT_OBJC_ISA_USAGE = YES_ERROR;
				CLANG_WARN_EMPTY_BODY = YES;
				CLANG_WARN_ENUM_CONVERSION = YES;
				CLANG_WARN_INT_CONVERSION = YES;
				CLANG_WARN_OBJC_ROOT_CLASS = YES_ERROR;
				CLANG_WARN_UNREACHABLE_CODE = YES;
				CLANG_WARN__DUPLICATE_METHOD_MATCH = YES;
				"CODE_SIGN_IDENTITY[sdk=iphoneos*]" = "iPhone Developer";
				COPY_PHASE_STRIP = YES;
				ENABLE_NS_ASSERTIONS = NO;
				ENABLE_STRICT_OBJC_MSGSEND = YES;
				GCC_C_LANGUAGE_STANDARD = gnu99;
				GCC_WARN_64_TO_32_BIT_CONVERSION = YES;
				GCC_WARN_ABOUT_RETURN_TYPE = YES_ERROR;
				GCC_WARN_UNDECLARED_SELECTOR = YES;
				GCC_WARN_UNINITIALIZED_AUTOS = YES_AGGRESSIVE;
				GCC_WARN_UNUSED_FUNCTION = YES;
				GCC_WARN_UNUSED_VARIABLE = YES;
				IPHONEOS_DEPLOYMENT_TARGET = 8.1;
				MTL_ENABLE_DEBUG_INFO = NO;
				SDKROOT = iphoneos;
				VALIDATE_PRODUCT = YES;
			};
			name = Release;
		};
		4E74C2261A59EB9000082037 /* Debug */ = {
			isa = XCBuildConfiguration;
			buildSettings = {
				ASSETCATALOG_COMPILER_APPICON_NAME = AppIcon;
				INFOPLIST_FILE = HolaMundo/Info.plist;
				LD_RUNPATH_SEARCH_PATHS = "$(inherited) @executable_path/Frameworks";
				PRODUCT_NAME = "$(TARGET_NAME)";
			};
			name = Debug;
		};
		4E74C2271A59EB9000082037 /* Release */ = {
			isa = XCBuildConfiguration;
			buildSettings = {
				ASSETCATALOG_COMPILER_APPICON_NAME = AppIcon;
				INFOPLIST_FILE = HolaMundo/Info.plist;
				LD_RUNPATH_SEARCH_PATHS = "$(inherited) @executable_path/Frameworks";
				PRODUCT_NAME = "$(TARGET_NAME)";
			};
			name = Release;
		};
		4E74C2291A59EB9000082037 /* Debug */ = {
			isa = XCBuildConfiguration;
			buildSettings = {
				BUNDLE_LOADER = "$(TEST_HOST)";
				FRAMEWORK_SEARCH_PATHS = (
					"$(SDKROOT)/Developer/Library/Frameworks",
					"$(inherited)",
				);
				GCC_PREPROCESSOR_DEFINITIONS = (
					"DEBUG=1",
					"$(inherited)",
				);
				INFOPLIST_FILE = HolaMundoTests/Info.plist;
				LD_RUNPATH_SEARCH_PATHS = "$(inherited) @executable_path/Frameworks @loader_path/Frameworks";
				PRODUCT_NAME = "$(TARGET_NAME)";
				TEST_HOST = "$(BUILT_PRODUCTS_DIR)/HolaMundo.app/HolaMundo";
			};
			name = Debug;
		};
		4E74C22A1A59EB9000082037 /* Release */ = {
			isa = XCBuildConfiguration;
			buildSettings = {
				BUNDLE_LOADER = "$(TEST_HOST)";
				FRAMEWORK_SEARCH_PATHS = (
					"$(SDKROOT)/Developer/Library/Frameworks",
					"$(inherited)",
				);
				INFOPLIST_FILE = HolaMundoTests/Info.plist;
				LD_RUNPATH_SEARCH_PATHS = "$(inherited) @executable_path/Frameworks @loader_path/Frameworks";
				PRODUCT_NAME = "$(TARGET_NAME)";
				TEST_HOST = "$(BUILT_PRODUCTS_DIR)/HolaMundo.app/HolaMundo";
			};
			name = Release;
		};
/* End XCBuildConfiguration section */

/* Begin XCConfigurationList section */
		4E74C2011A59EB8F00082037 /* Build configuration list for PBXProject "HolaMundo" */ = {
			isa = XCConfigurationList;
			buildConfigurations = (
				4E74C2231A59EB8F00082037 /* Debug */,
				4E74C2241A59EB8F00082037 /* Release */,
			);
			defaultConfigurationIsVisible = 0;
			defaultConfigurationName = Release;
		};
		4E74C2251A59EB9000082037 /* Build configuration list for PBXNativeTarget "HolaMundo" */ = {
			isa = XCConfigurationList;
			buildConfigurations = (
				4E74C2261A59EB9000082037 /* Debug */,
				4E74C2271A59EB9000082037 /* Release */,
			);
			defaultConfigurationIsVisible = 0;
			defaultConfigurationName = Release;
		};
		4E74C2281A59EB9000082037 /* Build configuration list for PBXNativeTarget "HolaMundoTests" */ = {
			isa = XCConfigurationList;
			buildConfigurations = (
				4E74C2291A59EB9000082037 /* Debug */,
				4E74C22A1A59EB9000082037 /* Release */,
			);
			defaultConfigurationIsVisible = 0;
			defaultConfigurationName = Release;
		};
/* End XCConfigurationList section */
	};
	rootObject = 4E74C1FE1A59EB8F00082037 /* Project object */;
}
